{
  "version": 4,
  "terraform_version": "1.9.8",
  "serial": 7,
  "lineage": "2a647d48-3408-29bf-223f-f7d94e9cf33e",
  "outputs": {},
  "resources": [
    {
      "mode": "data",
      "type": "archive_file",
      "name": "zip",
      "provider": "provider[\"registry.terraform.io/hashicorp/archive\"]",
      "instances": [
        {
          "schema_version": 0,
          "attributes": {
            "exclude_symlink_directories": null,
            "excludes": null,
            "id": "a33fe415ce3201a45cfff08fd6180edb3b20c532",
            "output_base64sha256": "6t/rTHM+Wlm+7Uk1yAwP44g63lUCCbHg0hvx6UJ1Gmo=",
            "output_base64sha512": "PhEsIn+ITzAb4D+3v+hRqHkDEo/tablgDuk2BVEMaBgVM17lBeJjPYFW/dEgayTuwT6rRv74S+Pwl7xXBup/vQ==",
            "output_file_mode": null,
            "output_md5": "3f138b5e673f8d0a74cf6e4a9a764b7c",
            "output_path": "./packedlambda.zip",
            "output_sha": "a33fe415ce3201a45cfff08fd6180edb3b20c532",
            "output_sha256": "eadfeb4c733e5a59beed4935c80c0fe3883ade550209b1e0d21bf1e942751a6a",
            "output_sha512": "3e112c227f884f301be03fb7bfe851a87903128fed69b9600ee93605510c681815335ee505e2633d8156fdd1206b24eec13eab46fef84be3f097bc5706ea7fbd",
            "output_size": 340,
            "source": [],
            "source_content": null,
            "source_content_filename": null,
            "source_dir": "./lambda/",
            "source_file": null,
            "type": "zip"
          },
          "sensitive_attributes": []
        }
      ]
    },
    {
      "mode": "managed",
      "type": "aws_iam_role",
      "name": "iam_for_lambda",
      "provider": "provider[\"registry.terraform.io/hashicorp/aws\"]",
      "instances": [
        {
          "schema_version": 0,
          "attributes": {
            "arn": "arn:aws:iam::897729106758:role/iam_for_lambda",
            "assume_role_policy": "{\"Statement\":[{\"Action\":\"sts:AssumeRole\",\"Effect\":\"Allow\",\"Principal\":{\"Service\":\"lambda.amazonaws.com\"},\"Sid\":\"\"}],\"Version\":\"2012-10-17\"}",
            "create_date": "2024-10-23T13:50:42Z",
            "description": "",
            "force_detach_policies": false,
            "id": "iam_for_lambda",
            "inline_policy": [],
            "managed_policy_arns": [],
            "max_session_duration": 3600,
            "name": "iam_for_lambda",
            "name_prefix": "",
            "path": "/",
            "permissions_boundary": "",
            "tags": {},
            "tags_all": {},
            "unique_id": "AROA5CBGTCNDC6TNDYWBB"
          },
          "sensitive_attributes": [],
          "private": "bnVsbA=="
        }
      ]
    },
    {
      "mode": "managed",
      "type": "aws_lambda_function",
      "name": "myfunc",
      "provider": "provider[\"registry.terraform.io/hashicorp/aws\"]",
      "instances": [
        {
          "schema_version": 0,
          "attributes": {
            "architectures": [
              "x86_64"
            ],
            "arn": "arn:aws:lambda:me-south-1:897729106758:function:myfunc",
            "code_sha256": "6t/rTHM+Wlm+7Uk1yAwP44g63lUCCbHg0hvx6UJ1Gmo=",
            "code_signing_config_arn": "",
            "dead_letter_config": [],
            "description": "",
            "environment": [],
            "ephemeral_storage": [
              {
                "size": 512
              }
            ],
            "file_system_config": [],
            "filename": "./packedlambda.zip",
            "function_name": "myfunc",
            "handler": "func.handler",
            "id": "myfunc",
            "image_config": [],
            "image_uri": "",
            "invoke_arn": "arn:aws:apigateway:me-south-1:lambda:path/2015-03-31/functions/arn:aws:lambda:me-south-1:897729106758:function:myfunc/invocations",
            "kms_key_arn": "",
            "last_modified": "2024-10-23T13:55:53.738+0000",
            "layers": [],
            "logging_config": [
              {
                "application_log_level": "",
                "log_format": "Text",
                "log_group": "/aws/lambda/myfunc",
                "system_log_level": ""
              }
            ],
            "memory_size": 128,
            "package_type": "Zip",
            "publish": false,
            "qualified_arn": "arn:aws:lambda:me-south-1:897729106758:function:myfunc:$LATEST",
            "qualified_invoke_arn": "arn:aws:apigateway:me-south-1:lambda:path/2015-03-31/functions/arn:aws:lambda:me-south-1:897729106758:function:myfunc:$LATEST/invocations",
            "replace_security_groups_on_destroy": null,
            "replacement_security_group_ids": null,
            "reserved_concurrent_executions": -1,
            "role": "arn:aws:iam::897729106758:role/iam_for_lambda",
            "runtime": "python3.8",
            "s3_bucket": null,
            "s3_key": null,
            "s3_object_version": null,
            "signing_job_arn": "",
            "signing_profile_version_arn": "",
            "skip_destroy": false,
            "snap_start": [],
            "source_code_hash": "6t/rTHM+Wlm+7Uk1yAwP44g63lUCCbHg0hvx6UJ1Gmo=",
            "source_code_size": 340,
            "tags": {},
            "tags_all": {},
            "timeout": 3,
            "timeouts": null,
            "tracing_config": [
              {
                "mode": "PassThrough"
              }
            ],
            "version": "$LATEST",
            "vpc_config": []
          },
          "sensitive_attributes": [],
          "private": "eyJlMmJmYjczMC1lY2FhLTExZTYtOGY4OC0zNDM2M2JjN2M0YzAiOnsiY3JlYXRlIjo2MDAwMDAwMDAwMDAsImRlbGV0ZSI6NjAwMDAwMDAwMDAwLCJ1cGRhdGUiOjYwMDAwMDAwMDAwMH19",
          "dependencies": [
            "aws_iam_role.iam_for_lambda",
            "data.archive_file.zip"
          ]
        }
      ]
    },
    {
      "mode": "managed",
      "type": "aws_lambda_function_url",
      "name": "url1",
      "provider": "provider[\"registry.terraform.io/hashicorp/aws\"]",
      "instances": [
        {
          "schema_version": 0,
          "attributes": {
            "authorization_type": "NONE",
            "cors": [],
            "function_arn": "arn:aws:lambda:me-south-1:897729106758:function:myfunc",
            "function_name": "myfunc",
            "function_url": "https://mavgmp3dqy3mhzvm7easw6ruwq0novfh.lambda-url.me-south-1.on.aws/",
            "id": "myfunc",
            "invoke_mode": "BUFFERED",
            "qualifier": "",
            "timeouts": null,
            "url_id": "mavgmp3dqy3mhzvm7easw6ruwq0novfh"
          },
          "sensitive_attributes": [],
          "private": "eyJlMmJmYjczMC1lY2FhLTExZTYtOGY4OC0zNDM2M2JjN2M0YzAiOnsiY3JlYXRlIjo2MDAwMDAwMDAwMDB9fQ==",
          "dependencies": [
            "aws_iam_role.iam_for_lambda",
            "aws_lambda_function.myfunc",
            "data.archive_file.zip"
          ]
        }
      ]
    }
  ],
  "check_results": null
}
